
Microsoft Visual Studio Solution File, Format Version 12.00
# Visual Studio Version 17
VisualStudioVersion = 17.1.32421.90
MinimumVisualStudioVersion = 10.0.40219.1
Project("{FAE04EC0-301F-11D3-BF4B-00C04F79EFBC}") = "ConvertirNum", "ConvertirNum\ConvertirNum.csproj", "{28DB97D8-FAFC-4053-8528-309A74851CF5}"
EndProject
Project("{FAE04EC0-301F-11D3-BF4B-00C04F79EFBC}") = "Test_Convert", "Test_Convert\Test_Convert.csproj", "{A36EDC1A-B506-430E-B6BE-582334A50303}"
EndProject
Global
	GlobalSection(SolutionConfigurationPlatforms) = preSolution
		Debug|Any CPU = Debug|Any CPU
		Release|Any CPU = Release|Any CPU
	EndGlobalSection
	GlobalSection(ProjectConfigurationPlatforms) = postSolution
		{28DB97D8-FAFC-4053-8528-309A74851CF5}.Debug|Any CPU.ActiveCfg = Debug|Any CPU
		{28DB97D8-FAFC-4053-8528-309A74851CF5}.Debug|Any CPU.Build.0 = Debug|Any CPU
		{28DB97D8-FAFC-4053-8528-309A74851CF5}.Release|Any CPU.ActiveCfg = Release|Any CPU
		{28DB97D8-FAFC-4053-8528-309A74851CF5}.Release|Any CPU.Build.0 = Release|Any CPU
		{A36EDC1A-B506-430E-B6BE-582334A50303}.Debug|Any CPU.ActiveCfg = Debug|Any CPU
		{A36EDC1A-B506-430E-B6BE-582334A50303}.Debug|Any CPU.Build.0 = Debug|Any CPU
		{A36EDC1A-B506-430E-B6BE-582334A50303}.Release|Any CPU.ActiveCfg = Release|Any CPU
		{A36EDC1A-B506-430E-B6BE-582334A50303}.Release|Any CPU.Build.0 = Release|Any CPU
	EndGlobalSection
	GlobalSection(SolutionProperties) = preSolution
		HideSolutionNode = FALSE
	EndGlobalSection
	GlobalSection(ExtensibilityGlobals) = postSolution
		SolutionGuid = {E175090C-C60B-4F52-B509-33ADAA7D5E61}
	EndGlobalSection
EndGlobal
